
Microsoft Visual Studio Solution File, Format Version 12.00
# Visual Studio Version 17
VisualStudioVersion = 17.0.31903.59
MinimumVisualStudioVersion = 10.0.40219.1
Project("{2150E333-8FDC-42A3-9474-1A3956D46DE8}") = "src", "src", "{827E0CD3-B72D-47B6-A68D-7590B98EB39B}"
EndProject
Project("{FAE04EC0-301F-11D3-BF4B-00C04F79EFBC}") = "DbTool.Domain", "src\DbTool.Domain\DbTool.Domain.csproj", "{29B69DC5-A778-4D98-99E4-25B192872B66}"
EndProject
Project("{FAE04EC0-301F-11D3-BF4B-00C04F79EFBC}") = "DbTool.Application", "src\DbTool.Application\DbTool.Application.csproj", "{BF514CD5-B78D-4B04-87BC-B89F6E0CFC1C}"
EndProject
Project("{FAE04EC0-301F-11D3-BF4B-00C04F79EFBC}") = "DbTool.Infrastructure", "src\DbTool.Infrastructure\DbTool.Infrastructure.csproj", "{25DAFC5B-CC07-404C-9C1E-E0D14A1CAD74}"
EndProject
Project("{FAE04EC0-301F-11D3-BF4B-00C04F79EFBC}") = "DbTool.CLI", "src\DbTool.CLI\DbTool.CLI.csproj", "{5C31F44B-8632-4506-8295-E3296AB308DE}"
EndProject
Project("{2150E333-8FDC-42A3-9474-1A3956D46DE8}") = "tests", "tests", "{0AB3BF05-4346-4AA6-1389-037BE0695223}"
EndProject
Project("{FAE04EC0-301F-11D3-BF4B-00C04F79EFBC}") = "DbTool.Domain.Tests", "tests\DbTool.Domain.Tests\DbTool.Domain.Tests.csproj", "{FEC407E3-325E-495B-A565-6CE0683C2FCB}"
EndProject
Project("{FAE04EC0-301F-11D3-BF4B-00C04F79EFBC}") = "DbTool.Application.Tests", "tests\DbTool.Application.Tests\DbTool.Application.Tests.csproj", "{0BFED68E-6268-41EF-85E1-824AE92461CF}"
EndProject
Project("{FAE04EC0-301F-11D3-BF4B-00C04F79EFBC}") = "DbTool.Infrastructure.Tests", "tests\DbTool.Infrastructure.Tests\DbTool.Infrastructure.Tests.csproj", "{F0D10473-E69E-4B4A-A356-D4CEE212FE84}"
EndProject
Project("{FAE04EC0-301F-11D3-BF4B-00C04F79EFBC}") = "DbTool.UI", "src\DbTool.UI\DbTool.UI.csproj", "{A85AFCA0-E1E0-4587-8FFC-F7E9F1494918}"
EndProject
Global
	GlobalSection(SolutionConfigurationPlatforms) = preSolution
		Debug|Any CPU = Debug|Any CPU
		Debug|x64 = Debug|x64
		Debug|x86 = Debug|x86
		Release|Any CPU = Release|Any CPU
		Release|x64 = Release|x64
		Release|x86 = Release|x86
	EndGlobalSection
	GlobalSection(ProjectConfigurationPlatforms) = postSolution
		{29B69DC5-A778-4D98-99E4-25B192872B66}.Debug|Any CPU.ActiveCfg = Debug|Any CPU
		{29B69DC5-A778-4D98-99E4-25B192872B66}.Debug|Any CPU.Build.0 = Debug|Any CPU
		{29B69DC5-A778-4D98-99E4-25B192872B66}.Debug|x64.ActiveCfg = Debug|Any CPU
		{29B69DC5-A778-4D98-99E4-25B192872B66}.Debug|x64.Build.0 = Debug|Any CPU
		{29B69DC5-A778-4D98-99E4-25B192872B66}.Debug|x86.ActiveCfg = Debug|Any CPU
		{29B69DC5-A778-4D98-99E4-25B192872B66}.Debug|x86.Build.0 = Debug|Any CPU
		{29B69DC5-A778-4D98-99E4-25B192872B66}.Release|Any CPU.ActiveCfg = Release|Any CPU
		{29B69DC5-A778-4D98-99E4-25B192872B66}.Release|Any CPU.Build.0 = Release|Any CPU
		{29B69DC5-A778-4D98-99E4-25B192872B66}.Release|x64.ActiveCfg = Release|Any CPU
		{29B69DC5-A778-4D98-99E4-25B192872B66}.Release|x64.Build.0 = Release|Any CPU
		{29B69DC5-A778-4D98-99E4-25B192872B66}.Release|x86.ActiveCfg = Release|Any CPU
		{29B69DC5-A778-4D98-99E4-25B192872B66}.Release|x86.Build.0 = Release|Any CPU
		{BF514CD5-B78D-4B04-87BC-B89F6E0CFC1C}.Debug|Any CPU.ActiveCfg = Debug|Any CPU
		{BF514CD5-B78D-4B04-87BC-B89F6E0CFC1C}.Debug|Any CPU.Build.0 = Debug|Any CPU
		{BF514CD5-B78D-4B04-87BC-B89F6E0CFC1C}.Debug|x64.ActiveCfg = Debug|Any CPU
		{BF514CD5-B78D-4B04-87BC-B89F6E0CFC1C}.Debug|x64.Build.0 = Debug|Any CPU
		{BF514CD5-B78D-4B04-87BC-B89F6E0CFC1C}.Debug|x86.ActiveCfg = Debug|Any CPU
		{BF514CD5-B78D-4B04-87BC-B89F6E0CFC1C}.Debug|x86.Build.0 = Debug|Any CPU
		{BF514CD5-B78D-4B04-87BC-B89F6E0CFC1C}.Release|Any CPU.ActiveCfg = Release|Any CPU
		{BF514CD5-B78D-4B04-87BC-B89F6E0CFC1C}.Release|Any CPU.Build.0 = Release|Any CPU
		{BF514CD5-B78D-4B04-87BC-B89F6E0CFC1C}.Release|x64.ActiveCfg = Release|Any CPU
		{BF514CD5-B78D-4B04-87BC-B89F6E0CFC1C}.Release|x64.Build.0 = Release|Any CPU
		{BF514CD5-B78D-4B04-87BC-B89F6E0CFC1C}.Release|x86.ActiveCfg = Release|Any CPU
		{BF514CD5-B78D-4B04-87BC-B89F6E0CFC1C}.Release|x86.Build.0 = Release|Any CPU
		{25DAFC5B-CC07-404C-9C1E-E0D14A1CAD74}.Debug|Any CPU.ActiveCfg = Debug|Any CPU
		{25DAFC5B-CC07-404C-9C1E-E0D14A1CAD74}.Debug|Any CPU.Build.0 = Debug|Any CPU
		{25DAFC5B-CC07-404C-9C1E-E0D14A1CAD74}.Debug|x64.ActiveCfg = Debug|Any CPU
		{25DAFC5B-CC07-404C-9C1E-E0D14A1CAD74}.Debug|x64.Build.0 = Debug|Any CPU
		{25DAFC5B-CC07-404C-9C1E-E0D14A1CAD74}.Debug|x86.ActiveCfg = Debug|Any CPU
		{25DAFC5B-CC07-404C-9C1E-E0D14A1CAD74}.Debug|x86.Build.0 = Debug|Any CPU
		{25DAFC5B-CC07-404C-9C1E-E0D14A1CAD74}.Release|Any CPU.ActiveCfg = Release|Any CPU
		{25DAFC5B-CC07-404C-9C1E-E0D14A1CAD74}.Release|Any CPU.Build.0 = Release|Any CPU
		{25DAFC5B-CC07-404C-9C1E-E0D14A1CAD74}.Release|x64.ActiveCfg = Release|Any CPU
		{25DAFC5B-CC07-404C-9C1E-E0D14A1CAD74}.Release|x64.Build.0 = Release|Any CPU
		{25DAFC5B-CC07-404C-9C1E-E0D14A1CAD74}.Release|x86.ActiveCfg = Release|Any CPU
		{25DAFC5B-CC07-404C-9C1E-E0D14A1CAD74}.Release|x86.Build.0 = Release|Any CPU
		{5C31F44B-8632-4506-8295-E3296AB308DE}.Debug|Any CPU.ActiveCfg = Debug|Any CPU
		{5C31F44B-8632-4506-8295-E3296AB308DE}.Debug|Any CPU.Build.0 = Debug|Any CPU
		{5C31F44B-8632-4506-8295-E3296AB308DE}.Debug|x64.ActiveCfg = Debug|Any CPU
		{5C31F44B-8632-4506-8295-E3296AB308DE}.Debug|x64.Build.0 = Debug|Any CPU
		{5C31F44B-8632-4506-8295-E3296AB308DE}.Debug|x86.ActiveCfg = Debug|Any CPU
		{5C31F44B-8632-4506-8295-E3296AB308DE}.Debug|x86.Build.0 = Debug|Any CPU
		{5C31F44B-8632-4506-8295-E3296AB308DE}.Release|Any CPU.ActiveCfg = Release|Any CPU
		{5C31F44B-8632-4506-8295-E3296AB308DE}.Release|Any CPU.Build.0 = Release|Any CPU
		{5C31F44B-8632-4506-8295-E3296AB308DE}.Release|x64.ActiveCfg = Release|Any CPU
		{5C31F44B-8632-4506-8295-E3296AB308DE}.Release|x64.Build.0 = Release|Any CPU
		{5C31F44B-8632-4506-8295-E3296AB308DE}.Release|x86.ActiveCfg = Release|Any CPU
		{5C31F44B-8632-4506-8295-E3296AB308DE}.Release|x86.Build.0 = Release|Any CPU
		{FEC407E3-325E-495B-A565-6CE0683C2FCB}.Debug|Any CPU.ActiveCfg = Debug|Any CPU
		{FEC407E3-325E-495B-A565-6CE0683C2FCB}.Debug|Any CPU.Build.0 = Debug|Any CPU
		{FEC407E3-325E-495B-A565-6CE0683C2FCB}.Debug|x64.ActiveCfg = Debug|Any CPU
		{FEC407E3-325E-495B-A565-6CE0683C2FCB}.Debug|x64.Build.0 = Debug|Any CPU
		{FEC407E3-325E-495B-A565-6CE0683C2FCB}.Debug|x86.ActiveCfg = Debug|Any CPU
		{FEC407E3-325E-495B-A565-6CE0683C2FCB}.Debug|x86.Build.0 = Debug|Any CPU
		{FEC407E3-325E-495B-A565-6CE0683C2FCB}.Release|Any CPU.ActiveCfg = Release|Any CPU
		{FEC407E3-325E-495B-A565-6CE0683C2FCB}.Release|Any CPU.Build.0 = Release|Any CPU
		{FEC407E3-325E-495B-A565-6CE0683C2FCB}.Release|x64.ActiveCfg = Release|Any CPU
		{FEC407E3-325E-495B-A565-6CE0683C2FCB}.Release|x64.Build.0 = Release|Any CPU
		{FEC407E3-325E-495B-A565-6CE0683C2FCB}.Release|x86.ActiveCfg = Release|Any CPU
		{FEC407E3-325E-495B-A565-6CE0683C2FCB}.Release|x86.Build.0 = Release|Any CPU
		{0BFED68E-6268-41EF-85E1-824AE92461CF}.Debug|Any CPU.ActiveCfg = Debug|Any CPU
		{0BFED68E-6268-41EF-85E1-824AE92461CF}.Debug|Any CPU.Build.0 = Debug|Any CPU
		{0BFED68E-6268-41EF-85E1-824AE92461CF}.Debug|x64.ActiveCfg = Debug|Any CPU
		{0BFED68E-6268-41EF-85E1-824AE92461CF}.Debug|x64.Build.0 = Debug|Any CPU
		{0BFED68E-6268-41EF-85E1-824AE92461CF}.Debug|x86.ActiveCfg = Debug|Any CPU
		{0BFED68E-6268-41EF-85E1-824AE92461CF}.Debug|x86.Build.0 = Debug|Any CPU
		{0BFED68E-6268-41EF-85E1-824AE92461CF}.Release|Any CPU.ActiveCfg = Release|Any CPU
		{0BFED68E-6268-41EF-85E1-824AE92461CF}.Release|Any CPU.Build.0 = Release|Any CPU
		{0BFED68E-6268-41EF-85E1-824AE92461CF}.Release|x64.ActiveCfg = Release|Any CPU
		{0BFED68E-6268-41EF-85E1-824AE92461CF}.Release|x64.Build.0 = Release|Any CPU
		{0BFED68E-6268-41EF-85E1-824AE92461CF}.Release|x86.ActiveCfg = Release|Any CPU
		{0BFED68E-6268-41EF-85E1-824AE92461CF}.Release|x86.Build.0 = Release|Any CPU
		{F0D10473-E69E-4B4A-A356-D4CEE212FE84}.Debug|Any CPU.ActiveCfg = Debug|Any CPU
		{F0D10473-E69E-4B4A-A356-D4CEE212FE84}.Debug|Any CPU.Build.0 = Debug|Any CPU
		{F0D10473-E69E-4B4A-A356-D4CEE212FE84}.Debug|x64.ActiveCfg = Debug|Any CPU
		{F0D10473-E69E-4B4A-A356-D4CEE212FE84}.Debug|x64.Build.0 = Debug|Any CPU
		{F0D10473-E69E-4B4A-A356-D4CEE212FE84}.Debug|x86.ActiveCfg = Debug|Any CPU
		{F0D10473-E69E-4B4A-A356-D4CEE212FE84}.Debug|x86.Build.0 = Debug|Any CPU
		{F0D10473-E69E-4B4A-A356-D4CEE212FE84}.Release|Any CPU.ActiveCfg = Release|Any CPU
		{F0D10473-E69E-4B4A-A356-D4CEE212FE84}.Release|Any CPU.Build.0 = Release|Any CPU
		{F0D10473-E69E-4B4A-A356-D4CEE212FE84}.Release|x64.ActiveCfg = Release|Any CPU
		{F0D10473-E69E-4B4A-A356-D4CEE212FE84}.Release|x64.Build.0 = Release|Any CPU
		{F0D10473-E69E-4B4A-A356-D4CEE212FE84}.Release|x86.ActiveCfg = Release|Any CPU
		{F0D10473-E69E-4B4A-A356-D4CEE212FE84}.Release|x86.Build.0 = Release|Any CPU
		{A85AFCA0-E1E0-4587-8FFC-F7E9F1494918}.Debug|Any CPU.ActiveCfg = Debug|Any CPU
		{A85AFCA0-E1E0-4587-8FFC-F7E9F1494918}.Debug|Any CPU.Build.0 = Debug|Any CPU
		{A85AFCA0-E1E0-4587-8FFC-F7E9F1494918}.Debug|x64.ActiveCfg = Debug|Any CPU
		{A85AFCA0-E1E0-4587-8FFC-F7E9F1494918}.Debug|x64.Build.0 = Debug|Any CPU
		{A85AFCA0-E1E0-4587-8FFC-F7E9F1494918}.Debug|x86.ActiveCfg = Debug|Any CPU
		{A85AFCA0-E1E0-4587-8FFC-F7E9F1494918}.Debug|x86.Build.0 = Debug|Any CPU
		{A85AFCA0-E1E0-4587-8FFC-F7E9F1494918}.Release|Any CPU.ActiveCfg = Release|Any CPU
		{A85AFCA0-E1E0-4587-8FFC-F7E9F1494918}.Release|Any CPU.Build.0 = Release|Any CPU
		{A85AFCA0-E1E0-4587-8FFC-F7E9F1494918}.Release|x64.ActiveCfg = Release|Any CPU
		{A85AFCA0-E1E0-4587-8FFC-F7E9F1494918}.Release|x64.Build.0 = Release|Any CPU
		{A85AFCA0-E1E0-4587-8FFC-F7E9F1494918}.Release|x86.ActiveCfg = Release|Any CPU
		{A85AFCA0-E1E0-4587-8FFC-F7E9F1494918}.Release|x86.Build.0 = Release|Any CPU
	EndGlobalSection
	GlobalSection(SolutionProperties) = preSolution
		HideSolutionNode = FALSE
	EndGlobalSection
	GlobalSection(NestedProjects) = preSolution
		{29B69DC5-A778-4D98-99E4-25B192872B66} = {827E0CD3-B72D-47B6-A68D-7590B98EB39B}
		{BF514CD5-B78D-4B04-87BC-B89F6E0CFC1C} = {827E0CD3-B72D-47B6-A68D-7590B98EB39B}
		{25DAFC5B-CC07-404C-9C1E-E0D14A1CAD74} = {827E0CD3-B72D-47B6-A68D-7590B98EB39B}
		{5C31F44B-8632-4506-8295-E3296AB308DE} = {827E0CD3-B72D-47B6-A68D-7590B98EB39B}
		{FEC407E3-325E-495B-A565-6CE0683C2FCB} = {0AB3BF05-4346-4AA6-1389-037BE0695223}
		{0BFED68E-6268-41EF-85E1-824AE92461CF} = {0AB3BF05-4346-4AA6-1389-037BE0695223}
		{F0D10473-E69E-4B4A-A356-D4CEE212FE84} = {0AB3BF05-4346-4AA6-1389-037BE0695223}
		{A85AFCA0-E1E0-4587-8FFC-F7E9F1494918} = {827E0CD3-B72D-47B6-A68D-7590B98EB39B}
	EndGlobalSection
EndGlobal
